
Microsoft Visual Studio Solution File, Format Version 12.00
# Visual Studio Version 17
VisualStudioVersion = 17.1.32328.378
MinimumVisualStudioVersion = 10.0.40219.1
Project("{FAE04EC0-301F-11D3-BF4B-00C04F79EFBC}") = "WindowsGenericPopups.BlazorCoreLibrary", "WindowsGenericPopups.BlazorCoreLibrary.csproj", "{F8256DDC-4B64-4F94-B649-D584827D23FC}"
EndProject
Global
	GlobalSection(SolutionConfigurationPlatforms) = preSolution
		Debug|Any CPU = Debug|Any CPU
		Release|Any CPU = Release|Any CPU
	EndGlobalSection
	GlobalSection(ProjectConfigurationPlatforms) = postSolution
		{F8256DDC-4B64-4F94-B649-D584827D23FC}.Debug|Any CPU.ActiveCfg = Debug|Any CPU
		{F8256DDC-4B64-4F94-B649-D584827D23FC}.Debug|Any CPU.Build.0 = Debug|Any CPU
		{F8256DDC-4B64-4F94-B649-D584827D23FC}.Release|Any CPU.ActiveCfg = Release|Any CPU
		{F8256DDC-4B64-4F94-B649-D584827D23FC}.Release|Any CPU.Build.0 = Release|Any CPU
	EndGlobalSection
	GlobalSection(SolutionProperties) = preSolution
		HideSolutionNode = FALSE
	EndGlobalSection
	GlobalSection(ExtensibilityGlobals) = postSolution
		SolutionGuid = {DDD232A4-88B0-429C-B108-7ACA74084C0E}
	EndGlobalSection
EndGlobal
